{
  "version": 4,
  "terraform_version": "1.4.5",
  "serial": 45,
  "lineage": "351b8640-6cc4-8fb5-881e-85163daed6fb",
  "outputs": {},
  "resources": [
    {
      "mode": "data",
      "type": "aws_availability_zones",
      "name": "available",
      "provider": "provider[\"registry.terraform.io/hashicorp/aws\"]",
      "instances": [
        {
          "schema_version": 0,
          "attributes": {
            "all_availability_zones": null,
            "exclude_names": null,
            "exclude_zone_ids": null,
            "filter": null,
            "group_names": [
              "us-east-1"
            ],
            "id": "us-east-1",
            "names": [
              "us-east-1a",
              "us-east-1b",
              "us-east-1c",
              "us-east-1d",
              "us-east-1e",
              "us-east-1f"
            ],
            "state": null,
            "timeouts": null,
            "zone_ids": [
              "use1-az2",
              "use1-az4",
              "use1-az6",
              "use1-az1",
              "use1-az3",
              "use1-az5"
            ]
          },
          "sensitive_attributes": []
        }
      ]
    },
    {
      "mode": "managed",
      "type": "aws_cloudwatch_log_group",
      "name": "log",
      "provider": "provider[\"registry.terraform.io/hashicorp/aws\"]",
      "instances": [
        {
          "schema_version": 0,
          "attributes": {
            "arn": "arn:aws:logs:us-east-1:603154871046:log-group:/aws/eks/fullcycle-cursofc/cluster",
            "id": "/aws/eks/fullcycle-cursofc/cluster",
            "kms_key_id": "",
            "name": "/aws/eks/fullcycle-cursofc/cluster",
            "name_prefix": "",
            "retention_in_days": 30,
            "skip_destroy": false,
            "tags": {},
            "tags_all": {}
          },
          "sensitive_attributes": [],
          "private": "bnVsbA=="
        }
      ]
    },
    {
      "mode": "managed",
      "type": "aws_eks_cluster",
      "name": "cluster",
      "provider": "provider[\"registry.terraform.io/hashicorp/aws\"]",
      "instances": [
        {
          "schema_version": 0,
          "attributes": {
            "arn": "arn:aws:eks:us-east-1:603154871046:cluster/fullcycle-cursofc",
            "certificate_authority": [
              {
                "data": "LS0tLS1CRUdJTiBDRVJUSUZJQ0FURS0tLS0tCk1JSUMvakNDQWVhZ0F3SUJBZ0lCQURBTkJna3Foa2lHOXcwQkFRc0ZBREFWTVJNd0VRWURWUVFERXdwcmRXSmwKY201bGRHVnpNQjRYRFRJek1EUXlOREF4TXpNMU9Wb1hEVE16TURReU1UQXhNek0xT1Zvd0ZURVRNQkVHQTFVRQpBeE1LYTNWaVpYSnVaWFJsY3pDQ0FTSXdEUVlKS29aSWh2Y05BUUVCQlFBRGdnRVBBRENDQVFvQ2dnRUJBTXdQCkV2VkdhNERxdTkzSmdscVdzTlU0alRSOFRmZTJyQ2pJSG0yS0ptV1pqdlc3M0FQckdmSlRvVWoxYW1kYkJTVXkKZjdlWURPamJsaS9PYlgvYUZEQmlkMjFDYldJSlpTYTkveWJudzIweEphelRaNXJSSmJrRW93Nkp5TFk3a2c4Sgo3Sm91UTMwUGRYNGJ1aUdBZGFJVGlWOXBlS2ZsQU54aHlydGZ3WWZYeS9zZnJMNDRiSkJtZGh5SkNIbW1kZ0dvCjJxMHVSS3hWOXEzRDFRUW5WRUE1NDRJN2c3Sm5BY01QS1BFVndvaVYveG1uaWEyNkVNMkxnNzlwZWdyN25IdTAKYUZ4emhZNkJRWTJNZ2ZzNnNnSHRhOHZzd0ZsSTJFZHBickt2aWNXWFZlSCt1MVpnaU44NjlxcExpQ2l5OUVxRApieUNycU9uZzBOelJ5SWxUU0JjQ0F3RUFBYU5aTUZjd0RnWURWUjBQQVFIL0JBUURBZ0trTUE4R0ExVWRFd0VCCi93UUZNQU1CQWY4d0hRWURWUjBPQkJZRUZHSnQ4NE9aQnRHTXc1Nm9pYmw4NnFicy9ZMlFNQlVHQTFVZEVRUU8KTUF5Q0NtdDFZbVZ5Ym1WMFpYTXdEUVlKS29aSWh2Y05BUUVMQlFBRGdnRUJBSkJ5K3lISGdyNDNWSmY4czFldwo2ajF5MzQxM3BMRmY0dXFJQ0JROWxDMVNjNmNiSDhJSFpSMXE0ejZuYlpMQW4wSGJadExUMTNIVjNMUGtaYXRQCkVHa052MElId29YRlNtcEJsS29uSVFTWnI2MWhCUXpUY0JMNEV4cmJGdGFla2tLbUNqTWQ3ZWVFZm0wblM5Y1oKWU9KdmY0ekw2RWxQMFR2Ni9IVkc4SlB0R2NpWlBic244VXRQREJSRkZydEJiZ0FDWC9NSms1Q0dVUGZKallvTgpXSU5DTGpHYTh1b0dHZFd4M3dxUmJ3UHoxMlA4MTltUVZXU3owdVNTejNSZitUb1hJdklWU2g5TUVJbEozSkpPClNYSHRmS2Q4VXBtekRsZWx3cEZNMXRLNElyY2oxaWIzemJpVVZrbHM0b1FhdDFWc1JjWFpKbktOSjkxQm9kR0cKRzhjPQotLS0tLUVORCBDRVJUSUZJQ0FURS0tLS0tCg=="
              }
            ],
            "cluster_id": null,
            "created_at": "2023-04-24 01:28:17.807 +0000 UTC",
            "enabled_cluster_log_types": [
              "api",
              "audit"
            ],
            "encryption_config": [],
            "endpoint": "https://42B050A2BE4272BB27E660C0932075CF.gr7.us-east-1.eks.amazonaws.com",
            "id": "fullcycle-cursofc",
            "identity": [
              {
                "oidc": [
                  {
                    "issuer": "https://oidc.eks.us-east-1.amazonaws.com/id/42B050A2BE4272BB27E660C0932075CF"
                  }
                ]
              }
            ],
            "kubernetes_network_config": [
              {
                "ip_family": "ipv4",
                "service_ipv4_cidr": "172.20.0.0/16",
                "service_ipv6_cidr": ""
              }
            ],
            "name": "fullcycle-cursofc",
            "outpost_config": [],
            "platform_version": "eks.2",
            "role_arn": "arn:aws:iam::603154871046:role/fullcycle-cursofc-role",
            "status": "ACTIVE",
            "tags": {
              "Name": "fullcycle-cursofc"
            },
            "tags_all": {
              "Name": "fullcycle-cursofc"
            },
            "timeouts": null,
            "version": "1.25",
            "vpc_config": [
              {
                "cluster_security_group_id": "sg-06035a7708540793e",
                "endpoint_private_access": false,
                "endpoint_public_access": true,
                "public_access_cidrs": [
                  "0.0.0.0/0"
                ],
                "security_group_ids": [
                  "sg-0225b7889c6f4a92a"
                ],
                "subnet_ids": [
                  "subnet-0411dfdfc29da13c7",
                  "subnet-09e665480066cac9e"
                ],
                "vpc_id": "vpc-00ae1dc8bbda25b97"
              }
            ]
          },
          "sensitive_attributes": [],
          "private": "eyJlMmJmYjczMC1lY2FhLTExZTYtOGY4OC0zNDM2M2JjN2M0YzAiOnsiY3JlYXRlIjoxODAwMDAwMDAwMDAwLCJkZWxldGUiOjkwMDAwMDAwMDAwMCwidXBkYXRlIjozNjAwMDAwMDAwMDAwfX0=",
          "dependencies": [
            "aws_cloudwatch_log_group.log",
            "aws_iam_role.cluster",
            "aws_iam_role_policy_attachment.cluster-AmazonEKSClusterPolicy",
            "aws_iam_role_policy_attachment.cluster-AmazonEKSVPCResourceController",
            "aws_security_group.sg",
            "aws_subnet.subnets",
            "aws_vpc.new-vpc",
            "data.aws_availability_zones.available"
          ]
        }
      ]
    },
    {
      "mode": "managed",
      "type": "aws_eks_node_group",
      "name": "node-1",
      "provider": "provider[\"registry.terraform.io/hashicorp/aws\"]",
      "instances": [
        {
          "schema_version": 0,
          "attributes": {
            "ami_type": "AL2_x86_64",
            "arn": "arn:aws:eks:us-east-1:603154871046:nodegroup/fullcycle-cursofc/fullcycle-cursofc-node-1/a0c3d87e-72b5-846b-56bd-30daf0c923ee",
            "capacity_type": "ON_DEMAND",
            "cluster_name": "fullcycle-cursofc",
            "disk_size": 20,
            "force_update_version": null,
            "id": "fullcycle-cursofc:fullcycle-cursofc-node-1",
            "instance_types": [
              "t2.micro"
            ],
            "labels": {},
            "launch_template": [],
            "node_group_name": "fullcycle-cursofc-node-1",
            "node_group_name_prefix": "",
            "node_role_arn": "arn:aws:iam::603154871046:role/fullcycle-cursofc-role-node",
            "release_version": "1.25.7-20230411",
            "remote_access": [],
            "resources": [
              {
                "autoscaling_groups": [
                  {
                    "name": "eks-fullcycle-cursofc-node-1-a0c3d87e-72b5-846b-56bd-30daf0c923ee"
                  }
                ],
                "remote_access_security_group_id": ""
              }
            ],
            "scaling_config": [
              {
                "desired_size": 2,
                "max_size": 4,
                "min_size": 2
              }
            ],
            "status": "ACTIVE",
            "subnet_ids": [
              "subnet-0411dfdfc29da13c7",
              "subnet-09e665480066cac9e"
            ],
            "tags": {},
            "tags_all": {},
            "taint": [],
            "timeouts": null,
            "update_config": [
              {
                "max_unavailable": 1,
                "max_unavailable_percentage": 0
              }
            ],
            "version": "1.25"
          },
          "sensitive_attributes": [],
          "private": "eyJlMmJmYjczMC1lY2FhLTExZTYtOGY4OC0zNDM2M2JjN2M0YzAiOnsiY3JlYXRlIjozNjAwMDAwMDAwMDAwLCJkZWxldGUiOjM2MDAwMDAwMDAwMDAsInVwZGF0ZSI6MzYwMDAwMDAwMDAwMH19",
          "dependencies": [
            "aws_cloudwatch_log_group.log",
            "aws_eks_cluster.cluster",
            "aws_iam_role.cluster",
            "aws_iam_role.node",
            "aws_iam_role_policy_attachment.cluster-AmazonEKSClusterPolicy",
            "aws_iam_role_policy_attachment.cluster-AmazonEKSVPCResourceController",
            "aws_iam_role_policy_attachment.node-AmazonEC2ContainerRegistryReadOnly",
            "aws_iam_role_policy_attachment.node-AmazonEKSWorkerNodePolicy",
            "aws_iam_role_policy_attachment.node-AmazonEKS_CNI_Policy",
            "aws_security_group.sg",
            "aws_subnet.subnets",
            "aws_vpc.new-vpc",
            "data.aws_availability_zones.available"
          ]
        }
      ]
    },
    {
      "mode": "managed",
      "type": "aws_eks_node_group",
      "name": "node-2",
      "provider": "provider[\"registry.terraform.io/hashicorp/aws\"]",
      "instances": [
        {
          "schema_version": 0,
          "attributes": {
            "ami_type": "AL2_x86_64",
            "arn": "arn:aws:eks:us-east-1:603154871046:nodegroup/fullcycle-cursofc/fullcycle-cursofc-node-2/62c3d880-3bdd-a801-52c2-9b3a5f851be9",
            "capacity_type": "ON_DEMAND",
            "cluster_name": "fullcycle-cursofc",
            "disk_size": 20,
            "force_update_version": null,
            "id": "fullcycle-cursofc:fullcycle-cursofc-node-2",
            "instance_types": [
              "t2.micro"
            ],
            "labels": null,
            "launch_template": [],
            "node_group_name": "fullcycle-cursofc-node-2",
            "node_group_name_prefix": "",
            "node_role_arn": "arn:aws:iam::603154871046:role/fullcycle-cursofc-role-node",
            "release_version": "1.25.7-20230411",
            "remote_access": [],
            "resources": [
              {
                "autoscaling_groups": [
                  {
                    "name": "eks-fullcycle-cursofc-node-2-62c3d880-3bdd-a801-52c2-9b3a5f851be9"
                  }
                ],
                "remote_access_security_group_id": ""
              }
            ],
            "scaling_config": [
              {
                "desired_size": 2,
                "max_size": 4,
                "min_size": 2
              }
            ],
            "status": "ACTIVE",
            "subnet_ids": [
              "subnet-0411dfdfc29da13c7",
              "subnet-09e665480066cac9e"
            ],
            "tags": null,
            "tags_all": {},
            "taint": [],
            "timeouts": null,
            "update_config": [
              {
                "max_unavailable": 1,
                "max_unavailable_percentage": 0
              }
            ],
            "version": "1.25"
          },
          "sensitive_attributes": [],
          "private": "eyJlMmJmYjczMC1lY2FhLTExZTYtOGY4OC0zNDM2M2JjN2M0YzAiOnsiY3JlYXRlIjozNjAwMDAwMDAwMDAwLCJkZWxldGUiOjM2MDAwMDAwMDAwMDAsInVwZGF0ZSI6MzYwMDAwMDAwMDAwMH19",
          "dependencies": [
            "aws_eks_cluster.cluster",
            "aws_iam_role.node",
            "aws_iam_role_policy_attachment.node-AmazonEC2ContainerRegistryReadOnly",
            "aws_iam_role_policy_attachment.node-AmazonEKSWorkerNodePolicy",
            "aws_iam_role_policy_attachment.node-AmazonEKS_CNI_Policy",
            "aws_subnet.subnets"
          ]
        }
      ]
    },
    {
      "mode": "managed",
      "type": "aws_iam_role",
      "name": "cluster",
      "provider": "provider[\"registry.terraform.io/hashicorp/aws\"]",
      "instances": [
        {
          "schema_version": 0,
          "attributes": {
            "arn": "arn:aws:iam::603154871046:role/fullcycle-cursofc-role",
            "assume_role_policy": "{\"Statement\":[{\"Action\":\"sts:AssumeRole\",\"Effect\":\"Allow\",\"Principal\":{\"Service\":\"eks.amazonaws.com\"}}],\"Version\":\"2012-10-17\"}",
            "create_date": "2023-04-24T01:17:24Z",
            "description": "",
            "force_detach_policies": false,
            "id": "fullcycle-cursofc-role",
            "inline_policy": [],
            "managed_policy_arns": [
              "arn:aws:iam::aws:policy/AmazonEKSClusterPolicy",
              "arn:aws:iam::aws:policy/AmazonEKSVPCResourceController"
            ],
            "max_session_duration": 3600,
            "name": "fullcycle-cursofc-role",
            "name_prefix": "",
            "path": "/",
            "permissions_boundary": null,
            "role_last_used": [
              {
                "last_used_date": "",
                "region": ""
              }
            ],
            "tags": {},
            "tags_all": {},
            "unique_id": "AROAYY3WU6MDOILTVAN3E"
          },
          "sensitive_attributes": [],
          "private": "bnVsbA=="
        }
      ]
    },
    {
      "mode": "managed",
      "type": "aws_iam_role",
      "name": "node",
      "provider": "provider[\"registry.terraform.io/hashicorp/aws\"]",
      "instances": [
        {
          "schema_version": 0,
          "attributes": {
            "arn": "arn:aws:iam::603154871046:role/fullcycle-cursofc-role-node",
            "assume_role_policy": "{\"Statement\":[{\"Action\":\"sts:AssumeRole\",\"Effect\":\"Allow\",\"Principal\":{\"Service\":\"ec2.amazonaws.com\"}}],\"Version\":\"2012-10-17\"}",
            "create_date": "2023-04-24T01:40:34Z",
            "description": "",
            "force_detach_policies": false,
            "id": "fullcycle-cursofc-role-node",
            "inline_policy": [],
            "managed_policy_arns": [
              "arn:aws:iam::aws:policy/AmazonEC2ContainerRegistryReadOnly",
              "arn:aws:iam::aws:policy/AmazonEKSWorkerNodePolicy",
              "arn:aws:iam::aws:policy/AmazonEKS_CNI_Policy"
            ],
            "max_session_duration": 3600,
            "name": "fullcycle-cursofc-role-node",
            "name_prefix": "",
            "path": "/",
            "permissions_boundary": null,
            "role_last_used": [
              {
                "last_used_date": "",
                "region": ""
              }
            ],
            "tags": {},
            "tags_all": {},
            "unique_id": "AROAYY3WU6MDEZ2Y7KXLI"
          },
          "sensitive_attributes": [],
          "private": "bnVsbA=="
        }
      ]
    },
    {
      "mode": "managed",
      "type": "aws_iam_role_policy_attachment",
      "name": "cluster-AmazonEKSClusterPolicy",
      "provider": "provider[\"registry.terraform.io/hashicorp/aws\"]",
      "instances": [
        {
          "schema_version": 0,
          "attributes": {
            "id": "fullcycle-cursofc-role-20230424012044903100000001",
            "policy_arn": "arn:aws:iam::aws:policy/AmazonEKSClusterPolicy",
            "role": "fullcycle-cursofc-role"
          },
          "sensitive_attributes": [],
          "private": "bnVsbA==",
          "dependencies": [
            "aws_iam_role.cluster"
          ]
        }
      ]
    },
    {
      "mode": "managed",
      "type": "aws_iam_role_policy_attachment",
      "name": "cluster-AmazonEKSVPCResourceController",
      "provider": "provider[\"registry.terraform.io/hashicorp/aws\"]",
      "instances": [
        {
          "schema_version": 0,
          "attributes": {
            "id": "fullcycle-cursofc-role-20230424011943035900000001",
            "policy_arn": "arn:aws:iam::aws:policy/AmazonEKSVPCResourceController",
            "role": "fullcycle-cursofc-role"
          },
          "sensitive_attributes": [],
          "private": "bnVsbA==",
          "dependencies": [
            "aws_iam_role.cluster"
          ]
        }
      ]
    },
    {
      "mode": "managed",
      "type": "aws_iam_role_policy_attachment",
      "name": "node-AmazonEC2ContainerRegistryReadOnly",
      "provider": "provider[\"registry.terraform.io/hashicorp/aws\"]",
      "instances": [
        {
          "schema_version": 0,
          "attributes": {
            "id": "fullcycle-cursofc-role-node-20230424014357750900000001",
            "policy_arn": "arn:aws:iam::aws:policy/AmazonEC2ContainerRegistryReadOnly",
            "role": "fullcycle-cursofc-role-node"
          },
          "sensitive_attributes": [],
          "private": "bnVsbA==",
          "dependencies": [
            "aws_iam_role.node"
          ]
        }
      ]
    },
    {
      "mode": "managed",
      "type": "aws_iam_role_policy_attachment",
      "name": "node-AmazonEKSWorkerNodePolicy",
      "provider": "provider[\"registry.terraform.io/hashicorp/aws\"]",
      "instances": [
        {
          "schema_version": 0,
          "attributes": {
            "id": "fullcycle-cursofc-role-node-20230424014357863500000003",
            "policy_arn": "arn:aws:iam::aws:policy/AmazonEKSWorkerNodePolicy",
            "role": "fullcycle-cursofc-role-node"
          },
          "sensitive_attributes": [],
          "private": "bnVsbA==",
          "dependencies": [
            "aws_iam_role.node"
          ]
        }
      ]
    },
    {
      "mode": "managed",
      "type": "aws_iam_role_policy_attachment",
      "name": "node-AmazonEKS_CNI_Policy",
      "provider": "provider[\"registry.terraform.io/hashicorp/aws\"]",
      "instances": [
        {
          "schema_version": 0,
          "attributes": {
            "id": "fullcycle-cursofc-role-node-20230424014357830900000002",
            "policy_arn": "arn:aws:iam::aws:policy/AmazonEKS_CNI_Policy",
            "role": "fullcycle-cursofc-role-node"
          },
          "sensitive_attributes": [],
          "private": "bnVsbA==",
          "dependencies": [
            "aws_iam_role.node"
          ]
        }
      ]
    },
    {
      "mode": "managed",
      "type": "aws_internet_gateway",
      "name": "new-igw",
      "provider": "provider[\"registry.terraform.io/hashicorp/aws\"]",
      "instances": [
        {
          "schema_version": 0,
          "attributes": {
            "arn": "arn:aws:ec2:us-east-1:603154871046:internet-gateway/igw-0bdfe67be24b0b054",
            "id": "igw-0bdfe67be24b0b054",
            "owner_id": "603154871046",
            "tags": {
              "Name": "fullcycle-igw"
            },
            "tags_all": {
              "Name": "fullcycle-igw"
            },
            "timeouts": null,
            "vpc_id": "vpc-00ae1dc8bbda25b97"
          },
          "sensitive_attributes": [],
          "private": "eyJlMmJmYjczMC1lY2FhLTExZTYtOGY4OC0zNDM2M2JjN2M0YzAiOnsiY3JlYXRlIjoxMjAwMDAwMDAwMDAwLCJkZWxldGUiOjEyMDAwMDAwMDAwMDAsInVwZGF0ZSI6MTIwMDAwMDAwMDAwMH19",
          "dependencies": [
            "aws_vpc.new-vpc"
          ]
        }
      ]
    },
    {
      "mode": "managed",
      "type": "aws_route_table",
      "name": "new-rtb",
      "provider": "provider[\"registry.terraform.io/hashicorp/aws\"]",
      "instances": [
        {
          "schema_version": 0,
          "attributes": {
            "arn": "arn:aws:ec2:us-east-1:603154871046:route-table/rtb-0c74ecbbdef30950b",
            "id": "rtb-0c74ecbbdef30950b",
            "owner_id": "603154871046",
            "propagating_vgws": [],
            "route": [
              {
                "carrier_gateway_id": "",
                "cidr_block": "0.0.0.0/0",
                "core_network_arn": "",
                "destination_prefix_list_id": "",
                "egress_only_gateway_id": "",
                "gateway_id": "igw-0bdfe67be24b0b054",
                "instance_id": "",
                "ipv6_cidr_block": "",
                "local_gateway_id": "",
                "nat_gateway_id": "",
                "network_interface_id": "",
                "transit_gateway_id": "",
                "vpc_endpoint_id": "",
                "vpc_peering_connection_id": ""
              }
            ],
            "tags": {
              "Name": "fullcycle-rtb"
            },
            "tags_all": {
              "Name": "fullcycle-rtb"
            },
            "timeouts": null,
            "vpc_id": "vpc-00ae1dc8bbda25b97"
          },
          "sensitive_attributes": [],
          "private": "eyJlMmJmYjczMC1lY2FhLTExZTYtOGY4OC0zNDM2M2JjN2M0YzAiOnsiY3JlYXRlIjozMDAwMDAwMDAwMDAsImRlbGV0ZSI6MzAwMDAwMDAwMDAwLCJ1cGRhdGUiOjEyMDAwMDAwMDAwMH19",
          "dependencies": [
            "aws_internet_gateway.new-igw",
            "aws_vpc.new-vpc"
          ]
        }
      ]
    },
    {
      "mode": "managed",
      "type": "aws_route_table_association",
      "name": "rtb-association",
      "provider": "provider[\"registry.terraform.io/hashicorp/aws\"]",
      "instances": [
        {
          "index_key": 0,
          "schema_version": 0,
          "attributes": {
            "gateway_id": "",
            "id": "rtbassoc-0417486b9b1b439af",
            "route_table_id": "rtb-0c74ecbbdef30950b",
            "subnet_id": "subnet-09e665480066cac9e",
            "timeouts": null
          },
          "sensitive_attributes": [],
          "private": "eyJlMmJmYjczMC1lY2FhLTExZTYtOGY4OC0zNDM2M2JjN2M0YzAiOnsiY3JlYXRlIjozMDAwMDAwMDAwMDAsImRlbGV0ZSI6MzAwMDAwMDAwMDAwLCJ1cGRhdGUiOjEyMDAwMDAwMDAwMH19",
          "dependencies": [
            "aws_internet_gateway.new-igw",
            "aws_route_table.new-rtb",
            "aws_subnet.subnets",
            "aws_vpc.new-vpc",
            "data.aws_availability_zones.available"
          ]
        },
        {
          "index_key": 1,
          "schema_version": 0,
          "attributes": {
            "gateway_id": "",
            "id": "rtbassoc-0fcb2e381f2626e5f",
            "route_table_id": "rtb-0c74ecbbdef30950b",
            "subnet_id": "subnet-0411dfdfc29da13c7",
            "timeouts": null
          },
          "sensitive_attributes": [],
          "private": "eyJlMmJmYjczMC1lY2FhLTExZTYtOGY4OC0zNDM2M2JjN2M0YzAiOnsiY3JlYXRlIjozMDAwMDAwMDAwMDAsImRlbGV0ZSI6MzAwMDAwMDAwMDAwLCJ1cGRhdGUiOjEyMDAwMDAwMDAwMH19",
          "dependencies": [
            "aws_internet_gateway.new-igw",
            "aws_route_table.new-rtb",
            "aws_subnet.subnets",
            "aws_vpc.new-vpc",
            "data.aws_availability_zones.available"
          ]
        }
      ]
    },
    {
      "mode": "managed",
      "type": "aws_security_group",
      "name": "sg",
      "provider": "provider[\"registry.terraform.io/hashicorp/aws\"]",
      "instances": [
        {
          "schema_version": 1,
          "attributes": {
            "arn": "arn:aws:ec2:us-east-1:603154871046:security-group/sg-0225b7889c6f4a92a",
            "description": "Managed by Terraform",
            "egress": [
              {
                "cidr_blocks": [
                  "0.0.0.0/0"
                ],
                "description": "",
                "from_port": 0,
                "ipv6_cidr_blocks": [],
                "prefix_list_ids": [],
                "protocol": "-1",
                "security_groups": [],
                "self": false,
                "to_port": 0
              }
            ],
            "id": "sg-0225b7889c6f4a92a",
            "ingress": [],
            "name": "terraform-20230424010904836100000001",
            "name_prefix": "terraform-",
            "owner_id": "603154871046",
            "revoke_rules_on_delete": false,
            "tags": {
              "Name": "fullcycle-sg"
            },
            "tags_all": {
              "Name": "fullcycle-sg"
            },
            "timeouts": null,
            "vpc_id": "vpc-00ae1dc8bbda25b97"
          },
          "sensitive_attributes": [],
          "private": "eyJlMmJmYjczMC1lY2FhLTExZTYtOGY4OC0zNDM2M2JjN2M0YzAiOnsiY3JlYXRlIjo2MDAwMDAwMDAwMDAsImRlbGV0ZSI6OTAwMDAwMDAwMDAwfSwic2NoZW1hX3ZlcnNpb24iOiIxIn0=",
          "dependencies": [
            "aws_vpc.new-vpc"
          ]
        }
      ]
    },
    {
      "mode": "managed",
      "type": "aws_subnet",
      "name": "subnets",
      "provider": "provider[\"registry.terraform.io/hashicorp/aws\"]",
      "instances": [
        {
          "index_key": 0,
          "schema_version": 1,
          "attributes": {
            "arn": "arn:aws:ec2:us-east-1:603154871046:subnet/subnet-09e665480066cac9e",
            "assign_ipv6_address_on_creation": false,
            "availability_zone": "us-east-1a",
            "availability_zone_id": "use1-az2",
            "cidr_block": "10.0.0.0/24",
            "customer_owned_ipv4_pool": "",
            "enable_dns64": false,
            "enable_lni_at_device_index": 0,
            "enable_resource_name_dns_a_record_on_launch": false,
            "enable_resource_name_dns_aaaa_record_on_launch": false,
            "id": "subnet-09e665480066cac9e",
            "ipv6_cidr_block": "",
            "ipv6_cidr_block_association_id": "",
            "ipv6_native": false,
            "map_customer_owned_ip_on_launch": false,
            "map_public_ip_on_launch": true,
            "outpost_arn": "",
            "owner_id": "603154871046",
            "private_dns_hostname_type_on_launch": "ip-name",
            "tags": {
              "Name": "fullcycle-subnet-0"
            },
            "tags_all": {
              "Name": "fullcycle-subnet-0"
            },
            "timeouts": null,
            "vpc_id": "vpc-00ae1dc8bbda25b97"
          },
          "sensitive_attributes": [],
          "private": "eyJlMmJmYjczMC1lY2FhLTExZTYtOGY4OC0zNDM2M2JjN2M0YzAiOnsiY3JlYXRlIjo2MDAwMDAwMDAwMDAsImRlbGV0ZSI6MTIwMDAwMDAwMDAwMH0sInNjaGVtYV92ZXJzaW9uIjoiMSJ9",
          "dependencies": [
            "aws_vpc.new-vpc",
            "data.aws_availability_zones.available"
          ]
        },
        {
          "index_key": 1,
          "schema_version": 1,
          "attributes": {
            "arn": "arn:aws:ec2:us-east-1:603154871046:subnet/subnet-0411dfdfc29da13c7",
            "assign_ipv6_address_on_creation": false,
            "availability_zone": "us-east-1b",
            "availability_zone_id": "use1-az4",
            "cidr_block": "10.0.1.0/24",
            "customer_owned_ipv4_pool": "",
            "enable_dns64": false,
            "enable_lni_at_device_index": 0,
            "enable_resource_name_dns_a_record_on_launch": false,
            "enable_resource_name_dns_aaaa_record_on_launch": false,
            "id": "subnet-0411dfdfc29da13c7",
            "ipv6_cidr_block": "",
            "ipv6_cidr_block_association_id": "",
            "ipv6_native": false,
            "map_customer_owned_ip_on_launch": false,
            "map_public_ip_on_launch": true,
            "outpost_arn": "",
            "owner_id": "603154871046",
            "private_dns_hostname_type_on_launch": "ip-name",
            "tags": {
              "Name": "fullcycle-subnet-1"
            },
            "tags_all": {
              "Name": "fullcycle-subnet-1"
            },
            "timeouts": null,
            "vpc_id": "vpc-00ae1dc8bbda25b97"
          },
          "sensitive_attributes": [],
          "private": "eyJlMmJmYjczMC1lY2FhLTExZTYtOGY4OC0zNDM2M2JjN2M0YzAiOnsiY3JlYXRlIjo2MDAwMDAwMDAwMDAsImRlbGV0ZSI6MTIwMDAwMDAwMDAwMH0sInNjaGVtYV92ZXJzaW9uIjoiMSJ9",
          "dependencies": [
            "aws_vpc.new-vpc",
            "data.aws_availability_zones.available"
          ]
        }
      ]
    },
    {
      "mode": "managed",
      "type": "aws_vpc",
      "name": "new-vpc",
      "provider": "provider[\"registry.terraform.io/hashicorp/aws\"]",
      "instances": [
        {
          "schema_version": 1,
          "attributes": {
            "arn": "arn:aws:ec2:us-east-1:603154871046:vpc/vpc-00ae1dc8bbda25b97",
            "assign_generated_ipv6_cidr_block": false,
            "cidr_block": "10.0.0.0/16",
            "default_network_acl_id": "acl-063d3a9c432e6d644",
            "default_route_table_id": "rtb-0acd91de2652f6199",
            "default_security_group_id": "sg-0970183bd0fe7b6e6",
            "dhcp_options_id": "dopt-0c29af7a93fcd86b3",
            "enable_classiclink": false,
            "enable_classiclink_dns_support": false,
            "enable_dns_hostnames": false,
            "enable_dns_support": true,
            "enable_network_address_usage_metrics": false,
            "id": "vpc-00ae1dc8bbda25b97",
            "instance_tenancy": "default",
            "ipv4_ipam_pool_id": null,
            "ipv4_netmask_length": null,
            "ipv6_association_id": "",
            "ipv6_cidr_block": "",
            "ipv6_cidr_block_network_border_group": "",
            "ipv6_ipam_pool_id": "",
            "ipv6_netmask_length": 0,
            "main_route_table_id": "rtb-0acd91de2652f6199",
            "owner_id": "603154871046",
            "tags": {
              "Name": "fullcycle-vpc"
            },
            "tags_all": {
              "Name": "fullcycle-vpc"
            }
          },
          "sensitive_attributes": [],
          "private": "eyJzY2hlbWFfdmVyc2lvbiI6IjEifQ=="
        }
      ]
    }
  ],
  "check_results": null
}
